// !$*UTF8*$!
{
	archiveVersion = 1;
	classes = {
	};
	objectVersion = 50;
	objects = {

/* Begin PBXBuildFile section */
		54C7A51F2404FB5400303062 /* AppDelegate.swift in Sources */ = {isa = PBXBuildFile; fileRef = 54C7A51E2404FB5400303062 /* AppDelegate.swift */; };
		54C7A5212404FB5400303062 /* SceneDelegate.swift in Sources */ = {isa = PBXBuildFile; fileRef = 54C7A5202404FB5400303062 /* SceneDelegate.swift */; };
		54C7A5232404FB5400303062 /* ViewController.swift in Sources */ = {isa = PBXBuildFile; fileRef = 54C7A5222404FB5400303062 /* ViewController.swift */; };
		54C7A5262404FB5400303062 /* Main.storyboard in Resources */ = {isa = PBXBuildFile; fileRef = 54C7A5242404FB5400303062 /* Main.storyboard */; };
		54C7A5282404FB5500303062 /* Assets.xcassets in Resources */ = {isa = PBXBuildFile; fileRef = 54C7A5272404FB5500303062 /* Assets.xcassets */; };
		54C7A52B2404FB5500303062 /* LaunchScreen.storyboard in Resources */ = {isa = PBXBuildFile; fileRef = 54C7A5292404FB5500303062 /* LaunchScreen.storyboard */; };
		54C7A5332404FCFF00303062 /* MFNetworkRequest.swift in Sources */ = {isa = PBXBuildFile; fileRef = 54C7A5322404FCFF00303062 /* MFNetworkRequest.swift */; };
		D6055874CF28461966CE56B5 /* Pods_MFNetworkRequest.framework in Frameworks */ = {isa = PBXBuildFile; fileRef = AF158F0D21E813C615C92192 /* Pods_MFNetworkRequest.framework */; };
/* End PBXBuildFile section */

/* Begin PBXFileReference section */
		304291A14C60405B77E4EB73 /* Pods-MFNetworkRequest.release.xcconfig */ = {isa = PBXFileReference; includeInIndex = 1; lastKnownFileType = text.xcconfig; name = "Pods-MFNetworkRequest.release.xcconfig"; path = "Target Support Files/Pods-MFNetworkRequest/Pods-MFNetworkRequest.release.xcconfig"; sourceTree = "<group>"; };
		54C7A51B2404FB5400303062 /* MFNetworkRequest.app */ = {isa = PBXFileReference; explicitFileType = wrapper.application; includeInIndex = 0; path = MFNetworkRequest.app; sourceTree = BUILT_PRODUCTS_DIR; };
		54C7A51E2404FB5400303062 /* AppDelegate.swift */ = {isa = PBXFileReference; lastKnownFileType = sourcecode.swift; path = AppDelegate.swift; sourceTree = "<group>"; };
		54C7A5202404FB5400303062 /* SceneDelegate.swift */ = {isa = PBXFileReference; lastKnownFileType = sourcecode.swift; path = SceneDelegate.swift; sourceTree = "<group>"; };
		54C7A5222404FB5400303062 /* ViewController.swift */ = {isa = PBXFileReference; lastKnownFileType = sourcecode.swift; path = ViewController.swift; sourceTree = "<group>"; };
		54C7A5252404FB5400303062 /* Base */ = {isa = PBXFileReference; lastKnownFileType = file.storyboard; name = Base; path = Base.lproj/Main.storyboard; sourceTree = "<group>"; };
		54C7A5272404FB5500303062 /* Assets.xcassets */ = {isa = PBXFileReference; lastKnownFileType = folder.assetcatalog; path = Assets.xcassets; sourceTree = "<group>"; };
		54C7A52A2404FB5500303062 /* Base */ = {isa = PBXFileReference; lastKnownFileType = file.storyboard; name = Base; path = Base.lproj/LaunchScreen.storyboard; sourceTree = "<group>"; };
		54C7A52C2404FB5500303062 /* Info.plist */ = {isa = PBXFileReference; lastKnownFileType = text.plist.xml; path = Info.plist; sourceTree = "<group>"; };
		54C7A5322404FCFF00303062 /* MFNetworkRequest.swift */ = {isa = PBXFileReference; lastKnownFileType = sourcecode.swift; path = MFNetworkRequest.swift; sourceTree = "<group>"; };
		90F5907C47B792B26E1A0A32 /* Pods-MFNetworkRequest.debug.xcconfig */ = {isa = PBXFileReference; includeInIndex = 1; lastKnownFileType = text.xcconfig; name = "Pods-MFNetworkRequest.debug.xcconfig"; path = "Target Support Files/Pods-MFNetworkRequest/Pods-MFNetworkRequest.debug.xcconfig"; sourceTree = "<group>"; };
		AF158F0D21E813C615C92192 /* Pods_MFNetworkRequest.framework */ = {isa = PBXFileReference; explicitFileType = wrapper.framework; includeInIndex = 0; path = Pods_MFNetworkRequest.framework; sourceTree = BUILT_PRODUCTS_DIR; };
/* End PBXFileReference section */

/* Begin PBXFrameworksBuildPhase section */
		54C7A5182404FB5400303062 /* Frameworks */ = {
			isa = PBXFrameworksBuildPhase;
			buildActionMask = 2147483647;
			files = (
				D6055874CF28461966CE56B5 /* Pods_MFNetworkRequest.framework in Frameworks */,
			);
			runOnlyForDeploymentPostprocessing = 0;
		};
/* End PBXFrameworksBuildPhase section */

/* Begin PBXGroup section */
		513DFF07F2EFA233A9B366B3 /* Pods */ = {
			isa = PBXGroup;
			children = (
				90F5907C47B792B26E1A0A32 /* Pods-MFNetworkRequest.debug.xcconfig */,
				304291A14C60405B77E4EB73 /* Pods-MFNetworkRequest.release.xcconfig */,
			);
			name = Pods;
			path = Pods;
			sourceTree = "<group>";
		};
		54C7A5122404FB5400303062 = {
			isa = PBXGroup;
			children = (
				54C7A51D2404FB5400303062 /* MFNetworkRequest */,
				54C7A51C2404FB5400303062 /* Products */,
				513DFF07F2EFA233A9B366B3 /* Pods */,
				B333196D52DA88D718B0B64B /* Frameworks */,
			);
			sourceTree = "<group>";
		};
		54C7A51C2404FB5400303062 /* Products */ = {
			isa = PBXGroup;
			children = (
				54C7A51B2404FB5400303062 /* MFNetworkRequest.app */,
			);
			name = Products;
			sourceTree = "<group>";
		};
		54C7A51D2404FB5400303062 /* MFNetworkRequest */ = {
			isa = PBXGroup;
			children = (
				54C7A51E2404FB5400303062 /* AppDelegate.swift */,
				54C7A5202404FB5400303062 /* SceneDelegate.swift */,
				54C7A5222404FB5400303062 /* ViewController.swift */,
				54C7A5242404FB5400303062 /* Main.storyboard */,
				54C7A5272404FB5500303062 /* Assets.xcassets */,
				54C7A5292404FB5500303062 /* LaunchScreen.storyboard */,
				54C7A52C2404FB5500303062 /* Info.plist */,
				54C7A5322404FCFF00303062 /* MFNetworkRequest.swift */,
			);
			path = MFNetworkRequest;
			sourceTree = "<group>";
		};
		B333196D52DA88D718B0B64B /* Frameworks */ = {
			isa = PBXGroup;
			children = (
				AF158F0D21E813C615C92192 /* Pods_MFNetworkRequest.framework */,
			);
			name = Frameworks;
			sourceTree = "<group>";
		};
/* End PBXGroup section */

/* Begin PBXNativeTarget section */
		54C7A51A2404FB5400303062 /* MFNetworkRequest */ = {
			isa = PBXNativeTarget;
			buildConfigurationList = 54C7A52F2404FB5500303062 /* Build configuration list for PBXNativeTarget "MFNetworkRequest" */;
			buildPhases = (
				C3C63D8CAAC5EC2F7192B832 /* [CP] Check Pods Manifest.lock */,
				54C7A5172404FB5400303062 /* Sources */,
				54C7A5182404FB5400303062 /* Frameworks */,
				54C7A5192404FB5400303062 /* Resources */,
				68DBE970AEE7FC3D5AEFED51 /* [CP] Embed Pods Frameworks */,
			);
			buildRules = (
			);
			dependencies = (
			);
			name = MFNetworkRequest;
			productName = MFNetworkRequest;
			productReference = 54C7A51B2404FB5400303062 /* MFNetworkRequest.app */;
			productType = "com.apple.product-type.application";
		};
/* End PBXNativeTarget section */

/* Begin PBXProject section */
		54C7A5132404FB5400303062 /* Project object */ = {
			isa = PBXProject;
			attributes = {
				LastSwiftUpdateCheck = 1130;
				LastUpgradeCheck = 1130;
				ORGANIZATIONNAME = "王雪慧";
				TargetAttributes = {
					54C7A51A2404FB5400303062 = {
						CreatedOnToolsVersion = 11.3.1;
					};
				};
			};
			buildConfigurationList = 54C7A5162404FB5400303062 /* Build configuration list for PBXProject "MFNetworkRequest" */;
			compatibilityVersion = "Xcode 9.3";
			developmentRegion = en;
			hasScannedForEncodings = 0;
			knownRegions = (
				en,
				Base,
			);
			mainGroup = 54C7A5122404FB5400303062;
			productRefGroup = 54C7A51C2404FB5400303062 /* Products */;
			projectDirPath = "";
			projectRoot = "";
			targets = (
				54C7A51A2404FB5400303062 /* MFNetworkRequest */,
			);
		};
/* End PBXProject section */

/* Begin PBXResourcesBuildPhase section */
		54C7A5192404FB5400303062 /* Resources */ = {
			isa = PBXResourcesBuildPhase;
			buildActionMask = 2147483647;
			files = (
				54C7A52B2404FB5500303062 /* LaunchScreen.storyboard in Resources */,
				54C7A5282404FB5500303062 /* Assets.xcassets in Resources */,
				54C7A5262404FB5400303062 /* Main.storyboard in Resources */,
			);
			runOnlyForDeploymentPostprocessing = 0;
		};
/* End PBXResourcesBuildPhase section */

/* Begin PBXShellScriptBuildPhase section */
		68DBE970AEE7FC3D5AEFED51 /* [CP] Embed Pods Frameworks */ = {
			isa = PBXShellScriptBuildPhase;
			buildActionMask = 2147483647;
			files = (
			);
			inputFileListPaths = (
				"${PODS_ROOT}/Target Support Files/Pods-MFNetworkRequest/Pods-MFNetworkRequest-frameworks-${CONFIGURATION}-input-files.xcfilelist",
			);
			name = "[CP] Embed Pods Frameworks";
			outputFileListPaths = (
				"${PODS_ROOT}/Target Support Files/Pods-MFNetworkRequest/Pods-MFNetworkRequest-frameworks-${CONFIGURATION}-output-files.xcfilelist",
			);
			runOnlyForDeploymentPostprocessing = 0;
			shellPath = /bin/sh;
			shellScript = "\"${PODS_ROOT}/Target Support Files/Pods-MFNetworkRequest/Pods-MFNetworkRequest-frameworks.sh\"\n";
			showEnvVarsInLog = 0;
		};
		C3C63D8CAAC5EC2F7192B832 /* [CP] Check Pods Manifest.lock */ = {
			isa = PBXShellScriptBuildPhase;
			buildActionMask = 2147483647;
			files = (
			);
			inputFileListPaths = (
			);
			inputPaths = (
				"${PODS_PODFILE_DIR_PATH}/Podfile.lock",
				"${PODS_ROOT}/Manifest.lock",
			);
			name = "[CP] Check Pods Manifest.lock";
			outputFileListPaths = (
			);
			outputPaths = (
				"$(DERIVED_FILE_DIR)/Pods-MFNetworkRequest-checkManifestLockResult.txt",
			);
			runOnlyForDeploymentPostprocessing = 0;
			shellPath = /bin/sh;
			shellScript = "diff \"${PODS_PODFILE_DIR_PATH}/Podfile.lock\" \"${PODS_ROOT}/Manifest.lock\" > /dev/null\nif [ $? != 0 ] ; then\n    # print error to STDERR\n    echo \"error: The sandbox is not in sync with the Podfile.lock. Run 'pod install' or update your CocoaPods installation.\" >&2\n    exit 1\nfi\n# This output is used by Xcode 'outputs' to avoid re-running this script phase.\necho \"SUCCESS\" > \"${SCRIPT_OUTPUT_FILE_0}\"\n";
			showEnvVarsInLog = 0;
		};
/* End PBXShellScriptBuildPhase section */

/* Begin PBXSourcesBuildPhase section */
		54C7A5172404FB5400303062 /* Sources */ = {
			isa = PBXSourcesBuildPhase;
			buildActionMask = 2147483647;
			files = (
				54C7A5232404FB5400303062 /* ViewController.swift in Sources */,
				54C7A51F2404FB5400303062 /* AppDelegate.swift in Sources */,
				54C7A5212404FB5400303062 /* SceneDelegate.swift in Sources */,
				54C7A5332404FCFF00303062 /* MFNetworkRequest.swift in Sources */,
			);
			runOnlyForDeploymentPostprocessing = 0;
		};
/* End PBXSourcesBuildPhase section */

/* Begin PBXVariantGroup section */
		54C7A5242404FB5400303062 /* Main.storyboard */ = {
			isa = PBXVariantGroup;
			children = (
				54C7A5252404FB5400303062 /* Base */,
			);
			name = Main.storyboard;
			sourceTree = "<group>";
		};
		54C7A5292404FB5500303062 /* LaunchScreen.storyboard */ = {
			isa = PBXVariantGroup;
			children = (
				54C7A52A2404FB5500303062 /* Base */,
			);
			name = LaunchScreen.storyboard;
			sourceTree = "<group>";
		};
/* End PBXVariantGroup section */

/* Begin XCBuildConfiguration section */
		54C7A52D2404FB5500303062 /* Debug */ = {
			isa = XCBuildConfiguration;
			buildSettings = {
				ALWAYS_SEARCH_USER_PATHS = NO;
				CLANG_ANALYZER_NONNULL = YES;
				CLANG_ANALYZER_NUMBER_OBJECT_CONVERSION = YES_AGGRESSIVE;
				CLANG_CXX_LANGUAGE_STANDARD = "gnu++14";
				CLANG_CXX_LIBRARY = "libc++";
				CLANG_ENABLE_MODULES = YES;
				CLANG_ENABLE_OBJC_ARC = YES;
				CLANG_ENABLE_OBJC_WEAK = YES;
				CLANG_WARN_BLOCK_CAPTURE_AUTORELEASING = YES;
				CLANG_WARN_BOOL_CONVERSION = YES;
				CLANG_WARN_COMMA = YES;
				CLANG_WARN_CONSTANT_CONVERSION = YES;
				CLANG_WARN_DEPRECATED_OBJC_IMPLEMENTATIONS = YES;
				CLANG_WARN_DIRECT_OBJC_ISA_USAGE = YES_ERROR;
				CLANG_WARN_DOCUMENTATION_COMMENTS = YES;
				CLANG_WARN_EMPTY_BODY = YES;
				CLANG_WARN_ENUM_CONVERSION = YES;
				CLANG_WARN_INFINITE_RECURSION = YES;
				CLANG_WARN_INT_CONVERSION = YES;
				CLANG_WARN_NON_LITERAL_NULL_CONVERSION = YES;
				CLANG_WARN_OBJC_IMPLICIT_RETAIN_SELF = YES;
				CLANG_WARN_OBJC_LITERAL_CONVERSION = YES;
				CLANG_WARN_OBJC_ROOT_CLASS = YES_ERROR;
				CLANG_WARN_RANGE_LOOP_ANALYSIS = YES;
				CLANG_WARN_STRICT_PROTOTYPES = YES;
				CLANG_WARN_SUSPICIOUS_MOVE = YES;
				CLANG_WARN_UNGUARDED_AVAILABILITY = YES_AGGRESSIVE;
				CLANG_WARN_UNREACHABLE_CODE = YES;
				CLANG_WARN__DUPLICATE_METHOD_MATCH = YES;
				COPY_PHASE_STRIP = NO;
				DEBUG_INFORMATION_FORMAT = dwarf;
				ENABLE_STRICT_OBJC_MSGSEND = YES;
				ENABLE_TESTABILITY = YES;
				GCC_C_LANGUAGE_STANDARD = gnu11;
				GCC_DYNAMIC_NO_PIC = NO;
				GCC_NO_COMMON_BLOCKS = YES;
				GCC_OPTIMIZATION_LEVEL = 0;
				GCC_PREPROCESSOR_DEFINITIONS = (
					"DEBUG=1",
					"$(inherited)",
				);
				GCC_WARN_64_TO_32_BIT_CONVERSION = YES;
				GCC_WARN_ABOUT_RETURN_TYPE = YES_ERROR;
				GCC_WARN_UNDECLARED_SELECTOR = YES;
				GCC_WARN_UNINITIALIZED_AUTOS = YES_AGGRESSIVE;
				GCC_WARN_UNUSED_FUNCTION = YES;
				GCC_WARN_UNUSED_VARIABLE = YES;
				IPHONEOS_DEPLOYMENT_TARGET = 13.2;
				MTL_ENABLE_DEBUG_INFO = INCLUDE_SOURCE;
				MTL_FAST_MATH = YES;
				ONLY_ACTIVE_ARCH = YES;
				SDKROOT = iphoneos;
				SWIFT_ACTIVE_COMPILATION_CONDITIONS = DEBUG;
				SWIFT_OPTIMIZATION_LEVEL = "-Onone";
			};
			name = Debug;
		};
		54C7A52E2404FB5500303062 /* Release */ = {
			isa = XCBuildConfiguration;
			buildSettings = {
				ALWAYS_SEARCH_USER_PATHS = NO;
				CLANG_ANALYZER_NONNULL = YES;
				CLANG_ANALYZER_NUMBER_OBJECT_CONVERSION = YES_AGGRESSIVE;
				CLANG_CXX_LANGUAGE_STANDARD = "gnu++14";
				CLANG_CXX_LIBRARY = "libc++";
				CLANG_ENABLE_MODULES = YES;
				CLANG_ENABLE_OBJC_ARC = YES;
				CLANG_ENABLE_OBJC_WEAK = YES;
				CLANG_WARN_BLOCK_CAPTURE_AUTORELEASING = YES;
				CLANG_WARN_BOOL_CONVERSION = YES;
				CLANG_WARN_COMMA = YES;
				CLANG_WARN_CONSTANT_CONVERSION = YES;
				CLANG_WARN_DEPRECATED_OBJC_IMPLEMENTATIONS = YES;
				CLANG_WARN_DIRECT_OBJC_ISA_USAGE = YES_ERROR;
				CLANG_WARN_DOCUMENTATION_COMMENTS = YES;
				CLANG_WARN_EMPTY_BODY = YES;
				CLANG_WARN_ENUM_CONVERSION = YES;
				CLANG_WARN_INFINITE_RECURSION = YES;
				CLANG_WARN_INT_CONVERSION = YES;
				CLANG_WARN_NON_LITERAL_NULL_CONVERSION = YES;
				CLANG_WARN_OBJC_IMPLICIT_RETAIN_SELF = YES;
				CLANG_WARN_OBJC_LITERAL_CONVERSION = YES;
				CLANG_WARN_OBJC_ROOT_CLASS = YES_ERROR;
				CLANG_WARN_RANGE_LOOP_ANALYSIS = YES;
				CLANG_WARN_STRICT_PROTOTYPES = YES;
				CLANG_WARN_SUSPICIOUS_MOVE = YES;
				CLANG_WARN_UNGUARDED_AVAILABILITY = YES_AGGRESSIVE;
				CLANG_WARN_UNREACHABLE_CODE = YES;
				CLANG_WARN__DUPLICATE_METHOD_MATCH = YES;
				COPY_PHASE_STRIP = NO;
				DEBUG_INFORMATION_FORMAT = "dwarf-with-dsym";
				ENABLE_NS_ASSERTIONS = NO;
				ENABLE_STRICT_OBJC_MSGSEND = YES;
				GCC_C_LANGUAGE_STANDARD = gnu11;
				GCC_NO_COMMON_BLOCKS = YES;
				GCC_WARN_64_TO_32_BIT_CONVERSION = YES;
				GCC_WARN_ABOUT_RETURN_TYPE = YES_ERROR;
				GCC_WARN_UNDECLARED_SELECTOR = YES;
				GCC_WARN_UNINITIALIZED_AUTOS = YES_AGGRESSIVE;
				GCC_WARN_UNUSED_FUNCTION = YES;
				GCC_WARN_UNUSED_VARIABLE = YES;
				IPHONEOS_DEPLOYMENT_TARGET = 13.2;
				MTL_ENABLE_DEBUG_INFO = NO;
				MTL_FAST_MATH = YES;
				SDKROOT = iphoneos;
				SWIFT_COMPILATION_MODE = wholemodule;
				SWIFT_OPTIMIZATION_LEVEL = "-O";
				VALIDATE_PRODUCT = YES;
			};
			name = Release;
		};
		54C7A5302404FB5500303062 /* Debug */ = {
			isa = XCBuildConfiguration;
			baseConfigurationReference = 90F5907C47B792B26E1A0A32 /* Pods-MFNetworkRequest.debug.xcconfig */;
			buildSettings = {
				ASSETCATALOG_COMPILER_APPICON_NAME = AppIcon;
				CODE_SIGN_STYLE = Automatic;
				DEVELOPMENT_TEAM = AWURGJVQHQ;
				INFOPLIST_FILE = MFNetworkRequest/Info.plist;
				IPHONEOS_DEPLOYMENT_TARGET = 8.0;
				LD_RUNPATH_SEARCH_PATHS = (
					"$(inherited)",
					"@executable_path/Frameworks",
				);
				PRODUCT_BUNDLE_IDENTIFIER = com.wxh.MFNetworkRequest;
				PRODUCT_NAME = "$(TARGET_NAME)";
				SWIFT_VERSION = 5.0;
				TARGETED_DEVICE_FAMILY = "1,2";
			};
			name = Debug;
		};
		54C7A5312404FB5500303062 /* Release */ = {
			isa = XCBuildConfiguration;
			baseConfigurationReference = 304291A14C60405B77E4EB73 /* Pods-MFNetworkRequest.release.xcconfig */;
			buildSettings = {
				ASSETCATALOG_COMPILER_APPICON_NAME = AppIcon;
				CODE_SIGN_STYLE = Automatic;
				DEVELOPMENT_TEAM = AWURGJVQHQ;
				INFOPLIST_FILE = MFNetworkRequest/Info.plist;
				IPHONEOS_DEPLOYMENT_TARGET = 8.0;
				LD_RUNPATH_SEARCH_PATHS = (
					"$(inherited)",
					"@executable_path/Frameworks",
				);
				PRODUCT_BUNDLE_IDENTIFIER = com.wxh.MFNetworkRequest;
				PRODUCT_NAME = "$(TARGET_NAME)";
				SWIFT_VERSION = 5.0;
				TARGETED_DEVICE_FAMILY = "1,2";
			};
			name = Release;
		};
/* End XCBuildConfiguration section */

/* Begin XCConfigurationList section */
		54C7A5162404FB5400303062 /* Build configuration list for PBXProject "MFNetworkRequest" */ = {
			isa = XCConfigurationList;
			buildConfigurations = (
				54C7A52D2404FB5500303062 /* Debug */,
				54C7A52E2404FB5500303062 /* Release */,
			);
			defaultConfigurationIsVisible = 0;
			defaultConfigurationName = Release;
		};
		54C7A52F2404FB5500303062 /* Build configuration list for PBXNativeTarget "MFNetworkRequest" */ = {
			isa = XCConfigurationList;
			buildConfigurations = (
				54C7A5302404FB5500303062 /* Debug */,
				54C7A5312404FB5500303062 /* Release */,
			);
			defaultConfigurationIsVisible = 0;
			defaultConfigurationName = Release;
		};
/* End XCConfigurationList section */
	};
	rootObject = 54C7A5132404FB5400303062 /* Project object */;
}
